
Microsoft Visual Studio Solution File, Format Version 12.00
Project("{FAE04EC0-301F-11D3-BF4B-00C04F79EFBC}") = "CybergrindSlideshow", "CybergrindSlideshow.csproj", "{CC56C69C-E03D-45ED-B6E6-6C444D616C78}"
EndProject
Global
	GlobalSection(SolutionConfigurationPlatforms) = preSolution
		Debug|Any CPU = Debug|Any CPU
		Release|Any CPU = Release|Any CPU
	EndGlobalSection
	GlobalSection(ProjectConfigurationPlatforms) = postSolution
		{CC56C69C-E03D-45ED-B6E6-6C444D616C78}.Debug|Any CPU.ActiveCfg = Debug|Any CPU
		{CC56C69C-E03D-45ED-B6E6-6C444D616C78}.Debug|Any CPU.Build.0 = Debug|Any CPU
		{CC56C69C-E03D-45ED-B6E6-6C444D616C78}.Release|Any CPU.ActiveCfg = Release|Any CPU
		{CC56C69C-E03D-45ED-B6E6-6C444D616C78}.Release|Any CPU.Build.0 = Release|Any CPU
	EndGlobalSection
EndGlobal
